PODS:
  - AFNetworking (1.3.4)
  - Bolts (1.1.4)
  - EAIntroView (2.7.0):
    - EARestrictedScrollView (~> 0.1.0)
  - EARestrictedScrollView (0.1.0)
  - Facebook-iOS-SDK (4.0):
    - Bolts (~> 1.0)
    - Facebook-iOS-SDK/CoreKit (= 4.0)
    - Facebook-iOS-SDK/LoginKit (= 4.0)
    - Facebook-iOS-SDK/ShareKit (= 4.0)
  - Facebook-iOS-SDK/CoreKit (4.0):
    - Bolts (~> 1.0)
    - Facebook-iOS-SDK/CoreKit/no-arc (= 4.0)
  - Facebook-iOS-SDK/CoreKit/no-arc (4.0):
    - Bolts (~> 1.0)
  - Facebook-iOS-SDK/LoginKit (4.0):
    - Bolts (~> 1.0)
    - Facebook-iOS-SDK/CoreKit
  - Facebook-iOS-SDK/ShareKit (4.0):
    - Bolts (~> 1.0)
    - Facebook-iOS-SDK/CoreKit
  - FormatterKit (1.8.0):
    - FormatterKit/AddressFormatter (= 1.8.0)
    - FormatterKit/ArrayFormatter (= 1.8.0)
    - FormatterKit/ColorFormatter (= 1.8.0)
    - FormatterKit/LocationFormatter (= 1.8.0)
    - FormatterKit/NameFormatter (= 1.8.0)
    - FormatterKit/OrdinalNumberFormatter (= 1.8.0)
    - FormatterKit/TimeIntervalFormatter (= 1.8.0)
    - FormatterKit/UnitOfInformationFormatter (= 1.8.0)
    - FormatterKit/URLRequestFormatter (= 1.8.0)
  - FormatterKit/AddressFormatter (1.8.0)
  - FormatterKit/ArrayFormatter (1.8.0)
  - FormatterKit/ColorFormatter (1.8.0)
  - FormatterKit/LocationFormatter (1.8.0)
  - FormatterKit/NameFormatter (1.8.0)
  - FormatterKit/OrdinalNumberFormatter (1.8.0)
  - FormatterKit/TimeIntervalFormatter (1.8.0)
  - FormatterKit/UnitOfInformationFormatter (1.8.0)
  - FormatterKit/URLRequestFormatter (1.8.0)
  - ISO8601DateFormatterValueTransformer (0.6.0):
    - RKValueTransformers (~> 1.1.0)
  - JTCalendar (1.2.2)
  - M13ProgressSuite (1.2.7)
  - RestKit (0.24.0):
    - RestKit/Core (= 0.24.0)
  - RestKit/Core (0.24.0):
    - RestKit/CoreData
    - RestKit/Network
    - RestKit/ObjectMapping
  - RestKit/CoreData (0.24.0):
    - RestKit/ObjectMapping
  - RestKit/Network (0.24.0):
    - AFNetworking (~> 1.3.0)
    - RestKit/ObjectMapping
    - RestKit/Support
    - SOCKit
  - RestKit/ObjectMapping (0.24.0):
    - ISO8601DateFormatterValueTransformer (~> 0.6.0)
    - RestKit/Support
    - RKValueTransformers (~> 1.1.0)
  - RestKit/Support (0.24.0):
    - TransitionKit (= 2.1.0)
  - RKValueTransformers (1.1.1)
  - SDWebImage (3.7.2):
    - SDWebImage/Core (= 3.7.2)
  - SDWebImage/Core (3.7.2)
  - SOCKit (1.1)
  - TLYShyNavBar (0.9.9)
  - TransitionKit (2.1.0)
  - WeiboSDK (3.0.1)
  - Weixin (1.5)

DEPENDENCIES:
  - EAIntroView
  - Facebook-iOS-SDK
  - FormatterKit
  - JTCalendar
  - M13ProgressSuite
  - RestKit
  - SDWebImage
  - TLYShyNavBar
  - WeiboSDK
  - Weixin

SPEC CHECKSUMS:
  AFNetworking: 80c4e0652b08eb34e25b9c0ff3c82556fe5967b4
  Bolts: dd9fb8433d67f5acc3b6b4d1379bbc5513d716c1
  EAIntroView: 2284bb6d9105035cb09f8952933e83591f0a81ca
  EARestrictedScrollView: 6023847998f13e2d80dff2d575181c2598349507
  Facebook-iOS-SDK: 523ee69fdd3c37cdca6578c79912f47943035806
  FormatterKit: 547a808c41172136a3f3acb424ac9361d38bb32f
  ISO8601DateFormatterValueTransformer: a705384ea6531255258e25b6480ba1180db703a0
  JTCalendar: 35f2fcc3513cdc31e68818f27c3faa8388cfa04a
  M13ProgressSuite: 931cde7e91d474c04edb4b34517d75ca6d88ccf2
  RestKit: 8e301e50e1d25ce427215539f4fd72463f4a2a58
  RKValueTransformers: 67b4ea3eb6a1c1a0b8c3c37eb4e4c05e4febeba2
  SDWebImage: 71b7cdc1d1721d6a82ed62889030225f2c249e29
  SOCKit: d8d0dd3688ae1026c12367570da8fa8e1a6980fb
  TLYShyNavBar: e81b3a5f4b7734dda57b1f9e089362844f37e423
  TransitionKit: 6a6f3ddda38ae758778aa889dcb930e4f8d64edc
  WeiboSDK: e40a302dc603a20c8ec7fc15ebec49fa4e93d7ba
  Weixin: a8ec14d7b9b814ec5997dd0f995a4be91f81f163

COCOAPODS: 0.36.0
