// !$*UTF8*$!
{
	archiveVersion = 1;
	classes = {
	};
	objectVersion = 46;
	objects = {

/* Begin PBXBuildFile section */
		0E14DB001A6E6853004FC5CE /* String+Extension.swift in Sources */ = {isa = PBXBuildFile; fileRef = 0E14DAFF1A6E6853004FC5CE /* String+Extension.swift */; };
		0E435F1D1A2AE233007951B1 /* Main.storyboard in Resources */ = {isa = PBXBuildFile; fileRef = 0E435F1B1A2AE233007951B1 /* Main.storyboard */; };
		0E435F1F1A2AE233007951B1 /* Images.xcassets in Resources */ = {isa = PBXBuildFile; fileRef = 0E435F1E1A2AE233007951B1 /* Images.xcassets */; };
		0E435F221A2AE233007951B1 /* LaunchScreen.xib in Resources */ = {isa = PBXBuildFile; fileRef = 0E435F201A2AE233007951B1 /* LaunchScreen.xib */; };
		0E435F2E1A2AE233007951B1 /* iDoTests.swift in Sources */ = {isa = PBXBuildFile; fileRef = 0E435F2D1A2AE233007951B1 /* iDoTests.swift */; };
		0E5D10231A68E25400B5CED2 /* R.swift in Sources */ = {isa = PBXBuildFile; fileRef = 0E5D10221A68E25400B5CED2 /* R.swift */; };
		0E5D10271A68E3FD00B5CED2 /* AvatarView.swift in Sources */ = {isa = PBXBuildFile; fileRef = 0E5D10251A68E3FD00B5CED2 /* AvatarView.swift */; };
		0E5D10281A68E3FD00B5CED2 /* TagsView.swift in Sources */ = {isa = PBXBuildFile; fileRef = 0E5D10261A68E3FD00B5CED2 /* TagsView.swift */; };
		0E7A71B91A6E497D008816C6 /* Firmware.swift in Sources */ = {isa = PBXBuildFile; fileRef = 0E7A71B81A6E497D008816C6 /* Firmware.swift */; };
		0E7A71BB1A6E4A4C008816C6 /* Product.swift in Sources */ = {isa = PBXBuildFile; fileRef = 0E7A71BA1A6E4A4C008816C6 /* Product.swift */; };
		0E9C9FAD1A3750BC00BB9DC6 /* NumberView.swift in Sources */ = {isa = PBXBuildFile; fileRef = 0E9C9FAC1A3750BC00BB9DC6 /* NumberView.swift */; };
		0E9F5AFE1A407828003BB8AD /* Array+Extension.swift in Sources */ = {isa = PBXBuildFile; fileRef = 0E9F5AEF1A407828003BB8AD /* Array+Extension.swift */; };
		0E9F5AFF1A407828003BB8AD /* UIColor+Extension.swift in Sources */ = {isa = PBXBuildFile; fileRef = 0E9F5AF01A407828003BB8AD /* UIColor+Extension.swift */; };
		0E9F5B001A407828003BB8AD /* UIImage+Extension.swift in Sources */ = {isa = PBXBuildFile; fileRef = 0E9F5AF11A407828003BB8AD /* UIImage+Extension.swift */; };
		0E9F5B011A407828003BB8AD /* UILabel+Extension.swift in Sources */ = {isa = PBXBuildFile; fileRef = 0E9F5AF21A407828003BB8AD /* UILabel+Extension.swift */; };
		0E9F5B021A407828003BB8AD /* UIViewController+Extension.swift in Sources */ = {isa = PBXBuildFile; fileRef = 0E9F5AF31A407828003BB8AD /* UIViewController+Extension.swift */; };
		0E9F5B031A407828003BB8AD /* Utils.swift in Sources */ = {isa = PBXBuildFile; fileRef = 0E9F5AF41A407828003BB8AD /* Utils.swift */; };
		0E9F5B041A407828003BB8AD /* RightDetailCell.swift in Sources */ = {isa = PBXBuildFile; fileRef = 0E9F5AF61A407828003BB8AD /* RightDetailCell.swift */; };
		0E9F5B051A407828003BB8AD /* SubtitleCell.swift in Sources */ = {isa = PBXBuildFile; fileRef = 0E9F5AF71A407828003BB8AD /* SubtitleCell.swift */; };
		0EA9A0A61A6CA389007E9875 /* DeviceNameDetail.swift in Sources */ = {isa = PBXBuildFile; fileRef = 0EA9A0A51A6CA389007E9875 /* DeviceNameDetail.swift */; };
		0EABC3571A53D30600F8A004 /* RestKitUtils.swift in Sources */ = {isa = PBXBuildFile; fileRef = 0EABC3551A53D30600F8A004 /* RestKitUtils.swift */; };
		0EABC3581A53D30600F8A004 /* SocialUtils.swift in Sources */ = {isa = PBXBuildFile; fileRef = 0EABC3561A53D30600F8A004 /* SocialUtils.swift */; };
		0EABC35E1A53D31900F8A004 /* BaseController.swift in Sources */ = {isa = PBXBuildFile; fileRef = 0EABC3591A53D31900F8A004 /* BaseController.swift */; };
		0EABC35F1A53D31900F8A004 /* CollectionList.swift in Sources */ = {isa = PBXBuildFile; fileRef = 0EABC35A1A53D31900F8A004 /* CollectionList.swift */; };
		0EABC3601A53D31900F8A004 /* ListController.swift in Sources */ = {isa = PBXBuildFile; fileRef = 0EABC35B1A53D31900F8A004 /* ListController.swift */; };
		0EABC3611A53D31900F8A004 /* TableDetail.swift in Sources */ = {isa = PBXBuildFile; fileRef = 0EABC35C1A53D31900F8A004 /* TableDetail.swift */; };
		0EABC3621A53D31900F8A004 /* TableList.swift in Sources */ = {isa = PBXBuildFile; fileRef = 0EABC35D1A53D31900F8A004 /* TableList.swift */; };
		0EABC3661A53D32A00F8A004 /* BaseModel.swift in Sources */ = {isa = PBXBuildFile; fileRef = 0EABC3631A53D32A00F8A004 /* BaseModel.swift */; };
		0EABC3671A53D32A00F8A004 /* ListModel.swift in Sources */ = {isa = PBXBuildFile; fileRef = 0EABC3641A53D32A00F8A004 /* ListModel.swift */; };
		0EABC36E1A53D34D00F8A004 /* BaseLoader.swift in Sources */ = {isa = PBXBuildFile; fileRef = 0EABC36C1A53D34D00F8A004 /* BaseLoader.swift */; };
		0EABC36F1A53D34D00F8A004 /* HttpLoader.swift in Sources */ = {isa = PBXBuildFile; fileRef = 0EABC36D1A53D34D00F8A004 /* HttpLoader.swift */; };
		0EB84EBE1A6E434C0044D8C3 /* FirmwareDetail.swift in Sources */ = {isa = PBXBuildFile; fileRef = 0EB84EBD1A6E434C0044D8C3 /* FirmwareDetail.swift */; };
		0ECD403A1A6F9ACF00568B18 /* TemperatureUnitDetail.swift in Sources */ = {isa = PBXBuildFile; fileRef = 0ECD40391A6F9ACF00568B18 /* TemperatureUnitDetail.swift */; };
		0ED67E4B1A2AFA3400CA35BE /* Localizable.strings in Resources */ = {isa = PBXBuildFile; fileRef = 0ED67E4D1A2AFA3400CA35BE /* Localizable.strings */; };
		0ED67E8B1A2B0F5C00CA35BE /* InfoPlist.strings in Resources */ = {isa = PBXBuildFile; fileRef = 0ED67E8D1A2B0F5C00CA35BE /* InfoPlist.strings */; };
		0EDE483B1A6A65CC002CAE64 /* DeviceInfo.swift in Sources */ = {isa = PBXBuildFile; fileRef = 0EDE483A1A6A65CC002CAE64 /* DeviceInfo.swift */; };
		0EDE483D1A6A662D002CAE64 /* CBPeripheral+Extension.swift in Sources */ = {isa = PBXBuildFile; fileRef = 0EDE483C1A6A662D002CAE64 /* CBPeripheral+Extension.swift */; };
		0EE2ADEE1A68F5E10084DC24 /* iDo1OADHandler.swift in Sources */ = {isa = PBXBuildFile; fileRef = 0EE2ADEC1A68F5E10084DC24 /* iDo1OADHandler.swift */; };
		0EE2ADEF1A68F5E10084DC24 /* OADHandler.swift in Sources */ = {isa = PBXBuildFile; fileRef = 0EE2ADED1A68F5E10084DC24 /* OADHandler.swift */; };
		0EE565441A2AE656003E9331 /* AppDelegate.swift in Sources */ = {isa = PBXBuildFile; fileRef = 0EE565341A2AE656003E9331 /* AppDelegate.swift */; };
		0EE565451A2AE656003E9331 /* BLEManager.swift in Sources */ = {isa = PBXBuildFile; fileRef = 0EE565361A2AE656003E9331 /* BLEManager.swift */; };
		0EE565461A2AE656003E9331 /* Constants.swift in Sources */ = {isa = PBXBuildFile; fileRef = 0EE565371A2AE656003E9331 /* Constants.swift */; };
		0EE565471A2AE656003E9331 /* DeviceDetail.swift in Sources */ = {isa = PBXBuildFile; fileRef = 0EE565391A2AE656003E9331 /* DeviceDetail.swift */; };
		0EE565481A2AE656003E9331 /* DeviceList.swift in Sources */ = {isa = PBXBuildFile; fileRef = 0EE5653A1A2AE656003E9331 /* DeviceList.swift */; };
		0EE565491A2AE656003E9331 /* History.swift in Sources */ = {isa = PBXBuildFile; fileRef = 0EE5653B1A2AE656003E9331 /* History.swift */; };
		0EE5654A1A2AE656003E9331 /* Home.swift in Sources */ = {isa = PBXBuildFile; fileRef = 0EE5653C1A2AE656003E9331 /* Home.swift */; };
		0EE5654B1A2AE656003E9331 /* Settings.swift in Sources */ = {isa = PBXBuildFile; fileRef = 0EE5653D1A2AE656003E9331 /* Settings.swift */; };
		0EE5654C1A2AE656003E9331 /* Temperature.swift in Sources */ = {isa = PBXBuildFile; fileRef = 0EE565401A2AE656003E9331 /* Temperature.swift */; };
		0EE5654D1A2AE656003E9331 /* GATTUtils.swift in Sources */ = {isa = PBXBuildFile; fileRef = 0EE565421A2AE656003E9331 /* GATTUtils.swift */; };
		0EE565711A2AE6CD003E9331 /* BEMCircle.m in Sources */ = {isa = PBXBuildFile; fileRef = 0EE5656C1A2AE6CD003E9331 /* BEMCircle.m */; };
		0EE565721A2AE6CD003E9331 /* BEMLine.m in Sources */ = {isa = PBXBuildFile; fileRef = 0EE5656E1A2AE6CD003E9331 /* BEMLine.m */; };
		0EE565731A2AE6CD003E9331 /* BEMSimpleLineGraphView.m in Sources */ = {isa = PBXBuildFile; fileRef = 0EE565701A2AE6CD003E9331 /* BEMSimpleLineGraphView.m */; };
		7D9EF8057408D96D93B33395 /* libPods.a in Frameworks */ = {isa = PBXBuildFile; fileRef = DE64FC9FA675092DA1278AB3 /* libPods.a */; };
/* End PBXBuildFile section */

/* Begin PBXContainerItemProxy section */
		0E435F281A2AE233007951B1 /* PBXContainerItemProxy */ = {
			isa = PBXContainerItemProxy;
			containerPortal = 0E435F0A1A2AE233007951B1 /* Project object */;
			proxyType = 1;
			remoteGlobalIDString = 0E435F111A2AE233007951B1;
			remoteInfo = iDo;
		};
/* End PBXContainerItemProxy section */

/* Begin PBXFileReference section */
		0E14DAFF1A6E6853004FC5CE /* String+Extension.swift */ = {isa = PBXFileReference; fileEncoding = 4; lastKnownFileType = sourcecode.swift; path = "String+Extension.swift"; sourceTree = "<group>"; };
		0E435F121A2AE233007951B1 /* iDo.app */ = {isa = PBXFileReference; explicitFileType = wrapper.application; includeInIndex = 0; path = iDo.app; sourceTree = BUILT_PRODUCTS_DIR; };
		0E435F161A2AE233007951B1 /* Info.plist */ = {isa = PBXFileReference; lastKnownFileType = text.plist.xml; path = Info.plist; sourceTree = "<group>"; };
		0E435F1C1A2AE233007951B1 /* Base */ = {isa = PBXFileReference; lastKnownFileType = file.storyboard; name = Base; path = Base.lproj/Main.storyboard; sourceTree = "<group>"; };
		0E435F1E1A2AE233007951B1 /* Images.xcassets */ = {isa = PBXFileReference; lastKnownFileType = folder.assetcatalog; path = Images.xcassets; sourceTree = "<group>"; };
		0E435F211A2AE233007951B1 /* Base */ = {isa = PBXFileReference; lastKnownFileType = file.xib; name = Base; path = Base.lproj/LaunchScreen.xib; sourceTree = "<group>"; };
		0E435F271A2AE233007951B1 /* iDoTests.xctest */ = {isa = PBXFileReference; explicitFileType = wrapper.cfbundle; includeInIndex = 0; path = iDoTests.xctest; sourceTree = BUILT_PRODUCTS_DIR; };
		0E435F2C1A2AE233007951B1 /* Info.plist */ = {isa = PBXFileReference; lastKnownFileType = text.plist.xml; path = Info.plist; sourceTree = "<group>"; };
		0E435F2D1A2AE233007951B1 /* iDoTests.swift */ = {isa = PBXFileReference; lastKnownFileType = sourcecode.swift; path = iDoTests.swift; sourceTree = "<group>"; };
		0E5D10221A68E25400B5CED2 /* R.swift */ = {isa = PBXFileReference; fileEncoding = 4; lastKnownFileType = sourcecode.swift; path = R.swift; sourceTree = "<group>"; };
		0E5D10251A68E3FD00B5CED2 /* AvatarView.swift */ = {isa = PBXFileReference; fileEncoding = 4; lastKnownFileType = sourcecode.swift; path = AvatarView.swift; sourceTree = "<group>"; };
		0E5D10261A68E3FD00B5CED2 /* TagsView.swift */ = {isa = PBXFileReference; fileEncoding = 4; lastKnownFileType = sourcecode.swift; path = TagsView.swift; sourceTree = "<group>"; };
		0E7A71B81A6E497D008816C6 /* Firmware.swift */ = {isa = PBXFileReference; fileEncoding = 4; lastKnownFileType = sourcecode.swift; path = Firmware.swift; sourceTree = "<group>"; };
		0E7A71BA1A6E4A4C008816C6 /* Product.swift */ = {isa = PBXFileReference; fileEncoding = 4; lastKnownFileType = sourcecode.swift; path = Product.swift; sourceTree = "<group>"; };
		0E9C9FAC1A3750BC00BB9DC6 /* NumberView.swift */ = {isa = PBXFileReference; fileEncoding = 4; lastKnownFileType = sourcecode.swift; path = NumberView.swift; sourceTree = "<group>"; };
		0E9F5AEF1A407828003BB8AD /* Array+Extension.swift */ = {isa = PBXFileReference; fileEncoding = 4; lastKnownFileType = sourcecode.swift; path = "Array+Extension.swift"; sourceTree = "<group>"; };
		0E9F5AF01A407828003BB8AD /* UIColor+Extension.swift */ = {isa = PBXFileReference; fileEncoding = 4; lastKnownFileType = sourcecode.swift; path = "UIColor+Extension.swift"; sourceTree = "<group>"; };
		0E9F5AF11A407828003BB8AD /* UIImage+Extension.swift */ = {isa = PBXFileReference; fileEncoding = 4; lastKnownFileType = sourcecode.swift; path = "UIImage+Extension.swift"; sourceTree = "<group>"; };
		0E9F5AF21A407828003BB8AD /* UILabel+Extension.swift */ = {isa = PBXFileReference; fileEncoding = 4; lastKnownFileType = sourcecode.swift; path = "UILabel+Extension.swift"; sourceTree = "<group>"; };
		0E9F5AF31A407828003BB8AD /* UIViewController+Extension.swift */ = {isa = PBXFileReference; fileEncoding = 4; lastKnownFileType = sourcecode.swift; path = "UIViewController+Extension.swift"; sourceTree = "<group>"; };
		0E9F5AF41A407828003BB8AD /* Utils.swift */ = {isa = PBXFileReference; fileEncoding = 4; lastKnownFileType = sourcecode.swift; path = Utils.swift; sourceTree = "<group>"; };
		0E9F5AF61A407828003BB8AD /* RightDetailCell.swift */ = {isa = PBXFileReference; fileEncoding = 4; lastKnownFileType = sourcecode.swift; path = RightDetailCell.swift; sourceTree = "<group>"; };
		0E9F5AF71A407828003BB8AD /* SubtitleCell.swift */ = {isa = PBXFileReference; fileEncoding = 4; lastKnownFileType = sourcecode.swift; path = SubtitleCell.swift; sourceTree = "<group>"; };
		0EA9A0A51A6CA389007E9875 /* DeviceNameDetail.swift */ = {isa = PBXFileReference; fileEncoding = 4; lastKnownFileType = sourcecode.swift; path = DeviceNameDetail.swift; sourceTree = "<group>"; };
		0EABC3551A53D30600F8A004 /* RestKitUtils.swift */ = {isa = PBXFileReference; fileEncoding = 4; lastKnownFileType = sourcecode.swift; path = RestKitUtils.swift; sourceTree = "<group>"; };
		0EABC3561A53D30600F8A004 /* SocialUtils.swift */ = {isa = PBXFileReference; fileEncoding = 4; lastKnownFileType = sourcecode.swift; path = SocialUtils.swift; sourceTree = "<group>"; };
		0EABC3591A53D31900F8A004 /* BaseController.swift */ = {isa = PBXFileReference; fileEncoding = 4; lastKnownFileType = sourcecode.swift; path = BaseController.swift; sourceTree = "<group>"; };
		0EABC35A1A53D31900F8A004 /* CollectionList.swift */ = {isa = PBXFileReference; fileEncoding = 4; lastKnownFileType = sourcecode.swift; path = CollectionList.swift; sourceTree = "<group>"; };
		0EABC35B1A53D31900F8A004 /* ListController.swift */ = {isa = PBXFileReference; fileEncoding = 4; lastKnownFileType = sourcecode.swift; path = ListController.swift; sourceTree = "<group>"; };
		0EABC35C1A53D31900F8A004 /* TableDetail.swift */ = {isa = PBXFileReference; fileEncoding = 4; lastKnownFileType = sourcecode.swift; path = TableDetail.swift; sourceTree = "<group>"; };
		0EABC35D1A53D31900F8A004 /* TableList.swift */ = {isa = PBXFileReference; fileEncoding = 4; lastKnownFileType = sourcecode.swift; path = TableList.swift; sourceTree = "<group>"; };
		0EABC3631A53D32A00F8A004 /* BaseModel.swift */ = {isa = PBXFileReference; fileEncoding = 4; lastKnownFileType = sourcecode.swift; path = BaseModel.swift; sourceTree = "<group>"; };
		0EABC3641A53D32A00F8A004 /* ListModel.swift */ = {isa = PBXFileReference; fileEncoding = 4; lastKnownFileType = sourcecode.swift; path = ListModel.swift; sourceTree = "<group>"; };
		0EABC36C1A53D34D00F8A004 /* BaseLoader.swift */ = {isa = PBXFileReference; fileEncoding = 4; lastKnownFileType = sourcecode.swift; path = BaseLoader.swift; sourceTree = "<group>"; };
		0EABC36D1A53D34D00F8A004 /* HttpLoader.swift */ = {isa = PBXFileReference; fileEncoding = 4; lastKnownFileType = sourcecode.swift; path = HttpLoader.swift; sourceTree = "<group>"; };
		0EB84EBD1A6E434C0044D8C3 /* FirmwareDetail.swift */ = {isa = PBXFileReference; fileEncoding = 4; lastKnownFileType = sourcecode.swift; path = FirmwareDetail.swift; sourceTree = "<group>"; };
		0ECD40391A6F9ACF00568B18 /* TemperatureUnitDetail.swift */ = {isa = PBXFileReference; fileEncoding = 4; lastKnownFileType = sourcecode.swift; path = TemperatureUnitDetail.swift; sourceTree = "<group>"; };
		0ED67E4C1A2AFA3400CA35BE /* Base */ = {isa = PBXFileReference; lastKnownFileType = text.plist.strings; name = Base; path = Base.lproj/Localizable.strings; sourceTree = "<group>"; };
		0ED67E8A1A2B0CDA00CA35BE /* zh-Hans */ = {isa = PBXFileReference; lastKnownFileType = text.plist.strings; name = "zh-Hans"; path = "zh-Hans.lproj/Localizable.strings"; sourceTree = "<group>"; };
		0ED67E8E1A2B0F9B00CA35BE /* Base */ = {isa = PBXFileReference; lastKnownFileType = text.plist.strings; name = Base; path = Base.lproj/InfoPlist.strings; sourceTree = "<group>"; };
		0ED67E8F1A2B0FBB00CA35BE /* zh-Hans */ = {isa = PBXFileReference; lastKnownFileType = text.plist.strings; name = "zh-Hans"; path = "zh-Hans.lproj/InfoPlist.strings"; sourceTree = "<group>"; };
		0EDE483A1A6A65CC002CAE64 /* DeviceInfo.swift */ = {isa = PBXFileReference; fileEncoding = 4; lastKnownFileType = sourcecode.swift; path = DeviceInfo.swift; sourceTree = "<group>"; };
		0EDE483C1A6A662D002CAE64 /* CBPeripheral+Extension.swift */ = {isa = PBXFileReference; fileEncoding = 4; lastKnownFileType = sourcecode.swift; path = "CBPeripheral+Extension.swift"; sourceTree = "<group>"; };
		0EE2ADEC1A68F5E10084DC24 /* iDo1OADHandler.swift */ = {isa = PBXFileReference; fileEncoding = 4; lastKnownFileType = sourcecode.swift; path = iDo1OADHandler.swift; sourceTree = "<group>"; };
		0EE2ADED1A68F5E10084DC24 /* OADHandler.swift */ = {isa = PBXFileReference; fileEncoding = 4; lastKnownFileType = sourcecode.swift; path = OADHandler.swift; sourceTree = "<group>"; };
		0EE565341A2AE656003E9331 /* AppDelegate.swift */ = {isa = PBXFileReference; fileEncoding = 4; lastKnownFileType = sourcecode.swift; path = AppDelegate.swift; sourceTree = "<group>"; };
		0EE565361A2AE656003E9331 /* BLEManager.swift */ = {isa = PBXFileReference; fileEncoding = 4; lastKnownFileType = sourcecode.swift; path = BLEManager.swift; sourceTree = "<group>"; };
		0EE565371A2AE656003E9331 /* Constants.swift */ = {isa = PBXFileReference; fileEncoding = 4; lastKnownFileType = sourcecode.swift; path = Constants.swift; sourceTree = "<group>"; };
		0EE565391A2AE656003E9331 /* DeviceDetail.swift */ = {isa = PBXFileReference; fileEncoding = 4; lastKnownFileType = sourcecode.swift; path = DeviceDetail.swift; sourceTree = "<group>"; };
		0EE5653A1A2AE656003E9331 /* DeviceList.swift */ = {isa = PBXFileReference; fileEncoding = 4; lastKnownFileType = sourcecode.swift; path = DeviceList.swift; sourceTree = "<group>"; };
		0EE5653B1A2AE656003E9331 /* History.swift */ = {isa = PBXFileReference; fileEncoding = 4; lastKnownFileType = sourcecode.swift; path = History.swift; sourceTree = "<group>"; };
		0EE5653C1A2AE656003E9331 /* Home.swift */ = {isa = PBXFileReference; fileEncoding = 4; lastKnownFileType = sourcecode.swift; path = Home.swift; sourceTree = "<group>"; };
		0EE5653D1A2AE656003E9331 /* Settings.swift */ = {isa = PBXFileReference; fileEncoding = 4; lastKnownFileType = sourcecode.swift; path = Settings.swift; sourceTree = "<group>"; };
		0EE565401A2AE656003E9331 /* Temperature.swift */ = {isa = PBXFileReference; fileEncoding = 4; lastKnownFileType = sourcecode.swift; path = Temperature.swift; sourceTree = "<group>"; };
		0EE565421A2AE656003E9331 /* GATTUtils.swift */ = {isa = PBXFileReference; fileEncoding = 4; lastKnownFileType = sourcecode.swift; path = GATTUtils.swift; sourceTree = "<group>"; };
		0EE5654F1A2AE68E003E9331 /* iDo-Bridging-Header.h */ = {isa = PBXFileReference; lastKnownFileType = sourcecode.c.h; path = "iDo-Bridging-Header.h"; sourceTree = "<group>"; };
		0EE5656B1A2AE6CD003E9331 /* BEMCircle.h */ = {isa = PBXFileReference; fileEncoding = 4; lastKnownFileType = sourcecode.c.h; path = BEMCircle.h; sourceTree = "<group>"; };
		0EE5656C1A2AE6CD003E9331 /* BEMCircle.m */ = {isa = PBXFileReference; fileEncoding = 4; lastKnownFileType = sourcecode.c.objc; path = BEMCircle.m; sourceTree = "<group>"; };
		0EE5656D1A2AE6CD003E9331 /* BEMLine.h */ = {isa = PBXFileReference; fileEncoding = 4; lastKnownFileType = sourcecode.c.h; path = BEMLine.h; sourceTree = "<group>"; };
		0EE5656E1A2AE6CD003E9331 /* BEMLine.m */ = {isa = PBXFileReference; fileEncoding = 4; lastKnownFileType = sourcecode.c.objc; path = BEMLine.m; sourceTree = "<group>"; };
		0EE5656F1A2AE6CD003E9331 /* BEMSimpleLineGraphView.h */ = {isa = PBXFileReference; fileEncoding = 4; lastKnownFileType = sourcecode.c.h; path = BEMSimpleLineGraphView.h; sourceTree = "<group>"; };
		0EE565701A2AE6CD003E9331 /* BEMSimpleLineGraphView.m */ = {isa = PBXFileReference; fileEncoding = 4; lastKnownFileType = sourcecode.c.objc; path = BEMSimpleLineGraphView.m; sourceTree = "<group>"; };
		414442C82BFF5CA8541650DD /* Pods.release.xcconfig */ = {isa = PBXFileReference; includeInIndex = 1; lastKnownFileType = text.xcconfig; name = Pods.release.xcconfig; path = "Pods/Target Support Files/Pods/Pods.release.xcconfig"; sourceTree = "<group>"; };
		6213B00FD090B4F497212D1C /* Pods.debug.xcconfig */ = {isa = PBXFileReference; includeInIndex = 1; lastKnownFileType = text.xcconfig; name = Pods.debug.xcconfig; path = "Pods/Target Support Files/Pods/Pods.debug.xcconfig"; sourceTree = "<group>"; };
		DE64FC9FA675092DA1278AB3 /* libPods.a */ = {isa = PBXFileReference; explicitFileType = archive.ar; includeInIndex = 0; path = libPods.a; sourceTree = BUILT_PRODUCTS_DIR; };
/* End PBXFileReference section */

/* Begin PBXFrameworksBuildPhase section */
		0E435F0F1A2AE233007951B1 /* Frameworks */ = {
			isa = PBXFrameworksBuildPhase;
			buildActionMask = 2147483647;
			files = (
				7D9EF8057408D96D93B33395 /* libPods.a in Frameworks */,
			);
			runOnlyForDeploymentPostprocessing = 0;
		};
		0E435F241A2AE233007951B1 /* Frameworks */ = {
			isa = PBXFrameworksBuildPhase;
			buildActionMask = 2147483647;
			files = (
			);
			runOnlyForDeploymentPostprocessing = 0;
		};
/* End PBXFrameworksBuildPhase section */

/* Begin PBXGroup section */
		0E435F091A2AE233007951B1 = {
			isa = PBXGroup;
			children = (
				0EE565681A2AE6CD003E9331 /* Library */,
				0E435F141A2AE233007951B1 /* iDo */,
				0E435F2A1A2AE233007951B1 /* iDoTests */,
				0E435F131A2AE233007951B1 /* Products */,
				169049CF2500F2B861602DB4 /* Pods */,
				9DC1F549138FCE02183AF6CB /* Frameworks */,
			);
			sourceTree = "<group>";
		};
		0E435F131A2AE233007951B1 /* Products */ = {
			isa = PBXGroup;
			children = (
				0E435F121A2AE233007951B1 /* iDo.app */,
				0E435F271A2AE233007951B1 /* iDoTests.xctest */,
			);
			name = Products;
			sourceTree = "<group>";
		};
		0E435F141A2AE233007951B1 /* iDo */ = {
			isa = PBXGroup;
			children = (
				0EE565331A2AE656003E9331 /* Classes */,
				0E435F1B1A2AE233007951B1 /* Main.storyboard */,
				0E435F1E1A2AE233007951B1 /* Images.xcassets */,
				0E435F201A2AE233007951B1 /* LaunchScreen.xib */,
				0E435F151A2AE233007951B1 /* Supporting Files */,
			);
			path = iDo;
			sourceTree = "<group>";
		};
		0E435F151A2AE233007951B1 /* Supporting Files */ = {
			isa = PBXGroup;
			children = (
				0E435F161A2AE233007951B1 /* Info.plist */,
				0ED67E8D1A2B0F5C00CA35BE /* InfoPlist.strings */,
				0ED67E4D1A2AFA3400CA35BE /* Localizable.strings */,
			);
			name = "Supporting Files";
			sourceTree = "<group>";
		};
		0E435F2A1A2AE233007951B1 /* iDoTests */ = {
			isa = PBXGroup;
			children = (
				0E435F2D1A2AE233007951B1 /* iDoTests.swift */,
				0E435F2B1A2AE233007951B1 /* Supporting Files */,
			);
			path = iDoTests;
			sourceTree = "<group>";
		};
		0E435F2B1A2AE233007951B1 /* Supporting Files */ = {
			isa = PBXGroup;
			children = (
				0E435F2C1A2AE233007951B1 /* Info.plist */,
			);
			name = "Supporting Files";
			sourceTree = "<group>";
		};
		0E5D10241A68E3FD00B5CED2 /* Widget */ = {
			isa = PBXGroup;
			children = (
				0E5D10251A68E3FD00B5CED2 /* AvatarView.swift */,
				0E5D10261A68E3FD00B5CED2 /* TagsView.swift */,
			);
			path = Widget;
			sourceTree = "<group>";
		};
		0E9C9FAB1A37509E00BB9DC6 /* Views */ = {
			isa = PBXGroup;
			children = (
				0E9C9FAC1A3750BC00BB9DC6 /* NumberView.swift */,
			);
			path = Views;
			sourceTree = "<group>";
		};
		0E9F5AE51A407828003BB8AD /* Classes */ = {
			isa = PBXGroup;
			children = (
				0E9F5AEE1A407828003BB8AD /* Util */,
				0EABC36B1A53D34D00F8A004 /* Content */,
				0E9F5AE71A407828003BB8AD /* Controllers */,
				0E9F5AEB1A407828003BB8AD /* Models */,
				0E9F5AF51A407828003BB8AD /* Views */,
				0E5D10241A68E3FD00B5CED2 /* Widget */,
			);
			path = Classes;
			sourceTree = "<group>";
		};
		0E9F5AE71A407828003BB8AD /* Controllers */ = {
			isa = PBXGroup;
			children = (
				0EABC3591A53D31900F8A004 /* BaseController.swift */,
				0EABC35B1A53D31900F8A004 /* ListController.swift */,
				0EABC35A1A53D31900F8A004 /* CollectionList.swift */,
				0EABC35D1A53D31900F8A004 /* TableList.swift */,
				0EABC35C1A53D31900F8A004 /* TableDetail.swift */,
			);
			path = Controllers;
			sourceTree = "<group>";
		};
		0E9F5AEB1A407828003BB8AD /* Models */ = {
			isa = PBXGroup;
			children = (
				0EABC3631A53D32A00F8A004 /* BaseModel.swift */,
				0EABC3641A53D32A00F8A004 /* ListModel.swift */,
			);
			path = Models;
			sourceTree = "<group>";
		};
		0E9F5AEE1A407828003BB8AD /* Util */ = {
			isa = PBXGroup;
			children = (
				0E9F5AEF1A407828003BB8AD /* Array+Extension.swift */,
				0E9F5AF01A407828003BB8AD /* UIColor+Extension.swift */,
				0E9F5AF11A407828003BB8AD /* UIImage+Extension.swift */,
				0E9F5AF21A407828003BB8AD /* UILabel+Extension.swift */,
				0E9F5AF31A407828003BB8AD /* UIViewController+Extension.swift */,
				0E9F5AF41A407828003BB8AD /* Utils.swift */,
				0EABC3551A53D30600F8A004 /* RestKitUtils.swift */,
				0EABC3561A53D30600F8A004 /* SocialUtils.swift */,
				0E14DAFF1A6E6853004FC5CE /* String+Extension.swift */,
			);
			path = Util;
			sourceTree = "<group>";
		};
		0E9F5AF51A407828003BB8AD /* Views */ = {
			isa = PBXGroup;
			children = (
				0E9F5AF61A407828003BB8AD /* RightDetailCell.swift */,
				0E9F5AF71A407828003BB8AD /* SubtitleCell.swift */,
			);
			path = Views;
			sourceTree = "<group>";
		};
		0EABC36B1A53D34D00F8A004 /* Content */ = {
			isa = PBXGroup;
			children = (
				0EABC36C1A53D34D00F8A004 /* BaseLoader.swift */,
				0EABC36D1A53D34D00F8A004 /* HttpLoader.swift */,
			);
			path = Content;
			sourceTree = "<group>";
		};
		0EE565331A2AE656003E9331 /* Classes */ = {
			isa = PBXGroup;
			children = (
				0EE565341A2AE656003E9331 /* AppDelegate.swift */,
				0EE565371A2AE656003E9331 /* Constants.swift */,
				0E5D10221A68E25400B5CED2 /* R.swift */,
				0EE565411A2AE656003E9331 /* Util */,
				0EE565351A2AE656003E9331 /* Bluetooth */,
				0EE565381A2AE656003E9331 /* Controllers */,
				0EE5653F1A2AE656003E9331 /* Models */,
				0E9C9FAB1A37509E00BB9DC6 /* Views */,
				0EE5654F1A2AE68E003E9331 /* iDo-Bridging-Header.h */,
			);
			path = Classes;
			sourceTree = "<group>";
		};
		0EE565351A2AE656003E9331 /* Bluetooth */ = {
			isa = PBXGroup;
			children = (
				0EE565361A2AE656003E9331 /* BLEManager.swift */,
				0EDE483C1A6A662D002CAE64 /* CBPeripheral+Extension.swift */,
				0EDE483A1A6A65CC002CAE64 /* DeviceInfo.swift */,
			);
			path = Bluetooth;
			sourceTree = "<group>";
		};
		0EE565381A2AE656003E9331 /* Controllers */ = {
			isa = PBXGroup;
			children = (
				0EE5653C1A2AE656003E9331 /* Home.swift */,
				0EE5653B1A2AE656003E9331 /* History.swift */,
				0EE5653D1A2AE656003E9331 /* Settings.swift */,
				0ECD40391A6F9ACF00568B18 /* TemperatureUnitDetail.swift */,
				0EE5653A1A2AE656003E9331 /* DeviceList.swift */,
				0EE565391A2AE656003E9331 /* DeviceDetail.swift */,
				0EA9A0A51A6CA389007E9875 /* DeviceNameDetail.swift */,
				0EB84EBD1A6E434C0044D8C3 /* FirmwareDetail.swift */,
			);
			path = Controllers;
			sourceTree = "<group>";
		};
		0EE5653F1A2AE656003E9331 /* Models */ = {
			isa = PBXGroup;
			children = (
				0E7A71B81A6E497D008816C6 /* Firmware.swift */,
				0E7A71BA1A6E4A4C008816C6 /* Product.swift */,
				0EE565401A2AE656003E9331 /* Temperature.swift */,
			);
			path = Models;
			sourceTree = "<group>";
		};
		0EE565411A2AE656003E9331 /* Util */ = {
			isa = PBXGroup;
			children = (
				0EE2ADED1A68F5E10084DC24 /* OADHandler.swift */,
				0EE2ADEC1A68F5E10084DC24 /* iDo1OADHandler.swift */,
				0EE565421A2AE656003E9331 /* GATTUtils.swift */,
			);
			path = Util;
			sourceTree = "<group>";
		};
		0EE565681A2AE6CD003E9331 /* Library */ = {
			isa = PBXGroup;
			children = (
				0EE565691A2AE6CD003E9331 /* BEMSimpleLineGraph */,
				0EE565741A2AE6E9003E9331 /* Taylor */,
			);
			path = Library;
			sourceTree = "<group>";
		};
		0EE565691A2AE6CD003E9331 /* BEMSimpleLineGraph */ = {
			isa = PBXGroup;
			children = (
				0EE5656A1A2AE6CD003E9331 /* Classes */,
			);
			path = BEMSimpleLineGraph;
			sourceTree = "<group>";
		};
		0EE5656A1A2AE6CD003E9331 /* Classes */ = {
			isa = PBXGroup;
			children = (
				0EE5656B1A2AE6CD003E9331 /* BEMCircle.h */,
				0EE5656C1A2AE6CD003E9331 /* BEMCircle.m */,
				0EE5656D1A2AE6CD003E9331 /* BEMLine.h */,
				0EE5656E1A2AE6CD003E9331 /* BEMLine.m */,
				0EE5656F1A2AE6CD003E9331 /* BEMSimpleLineGraphView.h */,
				0EE565701A2AE6CD003E9331 /* BEMSimpleLineGraphView.m */,
			);
			path = Classes;
			sourceTree = "<group>";
		};
		0EE565741A2AE6E9003E9331 /* Taylor */ = {
			isa = PBXGroup;
			children = (
				0E9F5AE51A407828003BB8AD /* Classes */,
			);
			name = Taylor;
			path = ../../Taylor/Taylor;
			sourceTree = "<group>";
		};
		169049CF2500F2B861602DB4 /* Pods */ = {
			isa = PBXGroup;
			children = (
				6213B00FD090B4F497212D1C /* Pods.debug.xcconfig */,
				414442C82BFF5CA8541650DD /* Pods.release.xcconfig */,
			);
			name = Pods;
			sourceTree = "<group>";
		};
		9DC1F549138FCE02183AF6CB /* Frameworks */ = {
			isa = PBXGroup;
			children = (
				DE64FC9FA675092DA1278AB3 /* libPods.a */,
			);
			name = Frameworks;
			sourceTree = "<group>";
		};
/* End PBXGroup section */

/* Begin PBXNativeTarget section */
		0E435F111A2AE233007951B1 /* iDo */ = {
			isa = PBXNativeTarget;
			buildConfigurationList = 0E435F311A2AE233007951B1 /* Build configuration list for PBXNativeTarget "iDo" */;
			buildPhases = (
				F9C8820AE24CE005358AEDA1 /* Check Pods Manifest.lock */,
				0E435F0E1A2AE233007951B1 /* Sources */,
				0E435F0F1A2AE233007951B1 /* Frameworks */,
				0E435F101A2AE233007951B1 /* Resources */,
				73290368FBF6B35F4B99F97C /* Copy Pods Resources */,
			);
			buildRules = (
			);
			dependencies = (
			);
			name = iDo;
			productName = iDo;
			productReference = 0E435F121A2AE233007951B1 /* iDo.app */;
			productType = "com.apple.product-type.application";
		};
		0E435F261A2AE233007951B1 /* iDoTests */ = {
			isa = PBXNativeTarget;
			buildConfigurationList = 0E435F341A2AE233007951B1 /* Build configuration list for PBXNativeTarget "iDoTests" */;
			buildPhases = (
				0E435F231A2AE233007951B1 /* Sources */,
				0E435F241A2AE233007951B1 /* Frameworks */,
				0E435F251A2AE233007951B1 /* Resources */,
			);
			buildRules = (
			);
			dependencies = (
				0E435F291A2AE233007951B1 /* PBXTargetDependency */,
			);
			name = iDoTests;
			productName = iDoTests;
			productReference = 0E435F271A2AE233007951B1 /* iDoTests.xctest */;
			productType = "com.apple.product-type.bundle.unit-test";
		};
/* End PBXNativeTarget section */

/* Begin PBXProject section */
		0E435F0A1A2AE233007951B1 /* Project object */ = {
			isa = PBXProject;
			attributes = {
				LastUpgradeCheck = 0610;
				ORGANIZATIONNAME = NY;
				TargetAttributes = {
					0E435F111A2AE233007951B1 = {
						CreatedOnToolsVersion = 6.1;
						DevelopmentTeam = YDMS5P8PJX;
						SystemCapabilities = {
							com.apple.BackgroundModes = {
								enabled = 1;
							};
						};
					};
					0E435F261A2AE233007951B1 = {
						CreatedOnToolsVersion = 6.1;
						DevelopmentTeam = 2VBXB3TR4T;
						TestTargetID = 0E435F111A2AE233007951B1;
					};
				};
			};
			buildConfigurationList = 0E435F0D1A2AE233007951B1 /* Build configuration list for PBXProject "iDo" */;
			compatibilityVersion = "Xcode 3.2";
			developmentRegion = English;
			hasScannedForEncodings = 0;
			knownRegions = (
				Base,
				"zh-Hans",
			);
			mainGroup = 0E435F091A2AE233007951B1;
			productRefGroup = 0E435F131A2AE233007951B1 /* Products */;
			projectDirPath = "";
			projectRoot = "";
			targets = (
				0E435F111A2AE233007951B1 /* iDo */,
				0E435F261A2AE233007951B1 /* iDoTests */,
			);
		};
/* End PBXProject section */

/* Begin PBXResourcesBuildPhase section */
		0E435F101A2AE233007951B1 /* Resources */ = {
			isa = PBXResourcesBuildPhase;
			buildActionMask = 2147483647;
			files = (
				0E435F1D1A2AE233007951B1 /* Main.storyboard in Resources */,
				0ED67E4B1A2AFA3400CA35BE /* Localizable.strings in Resources */,
				0E435F221A2AE233007951B1 /* LaunchScreen.xib in Resources */,
				0E435F1F1A2AE233007951B1 /* Images.xcassets in Resources */,
				0ED67E8B1A2B0F5C00CA35BE /* InfoPlist.strings in Resources */,
			);
			runOnlyForDeploymentPostprocessing = 0;
		};
		0E435F251A2AE233007951B1 /* Resources */ = {
			isa = PBXResourcesBuildPhase;
			buildActionMask = 2147483647;
			files = (
			);
			runOnlyForDeploymentPostprocessing = 0;
		};
/* End PBXResourcesBuildPhase section */

/* Begin PBXShellScriptBuildPhase section */
		73290368FBF6B35F4B99F97C /* Copy Pods Resources */ = {
			isa = PBXShellScriptBuildPhase;
			buildActionMask = 2147483647;
			files = (
			);
			inputPaths = (
			);
			name = "Copy Pods Resources";
			outputPaths = (
			);
			runOnlyForDeploymentPostprocessing = 0;
			shellPath = /bin/sh;
			shellScript = "\"${SRCROOT}/Pods/Target Support Files/Pods/Pods-resources.sh\"\n";
			showEnvVarsInLog = 0;
		};
		F9C8820AE24CE005358AEDA1 /* Check Pods Manifest.lock */ = {
			isa = PBXShellScriptBuildPhase;
			buildActionMask = 2147483647;
			files = (
			);
			inputPaths = (
			);
			name = "Check Pods Manifest.lock";
			outputPaths = (
			);
			runOnlyForDeploymentPostprocessing = 0;
			shellPath = /bin/sh;
			shellScript = "diff \"${PODS_ROOT}/../Podfile.lock\" \"${PODS_ROOT}/Manifest.lock\" > /dev/null\nif [[ $? != 0 ]] ; then\n    cat << EOM\nerror: The sandbox is not in sync with the Podfile.lock. Run 'pod install' or update your CocoaPods installation.\nEOM\n    exit 1\nfi\n";
			showEnvVarsInLog = 0;
		};
/* End PBXShellScriptBuildPhase section */

/* Begin PBXSourcesBuildPhase section */
		0E435F0E1A2AE233007951B1 /* Sources */ = {
			isa = PBXSourcesBuildPhase;
			buildActionMask = 2147483647;
			files = (
				0E9F5B011A407828003BB8AD /* UILabel+Extension.swift in Sources */,
				0EE565731A2AE6CD003E9331 /* BEMSimpleLineGraphView.m in Sources */,
				0EE565491A2AE656003E9331 /* History.swift in Sources */,
				0EB84EBE1A6E434C0044D8C3 /* FirmwareDetail.swift in Sources */,
				0EABC3571A53D30600F8A004 /* RestKitUtils.swift in Sources */,
				0EE565481A2AE656003E9331 /* DeviceList.swift in Sources */,
				0EE5654C1A2AE656003E9331 /* Temperature.swift in Sources */,
				0ECD403A1A6F9ACF00568B18 /* TemperatureUnitDetail.swift in Sources */,
				0EE5654B1A2AE656003E9331 /* Settings.swift in Sources */,
				0EABC3671A53D32A00F8A004 /* ListModel.swift in Sources */,
				0E7A71B91A6E497D008816C6 /* Firmware.swift in Sources */,
				0E9F5B001A407828003BB8AD /* UIImage+Extension.swift in Sources */,
				0EA9A0A61A6CA389007E9875 /* DeviceNameDetail.swift in Sources */,
				0EABC36F1A53D34D00F8A004 /* HttpLoader.swift in Sources */,
				0E5D10231A68E25400B5CED2 /* R.swift in Sources */,
				0E9F5B031A407828003BB8AD /* Utils.swift in Sources */,
				0E9F5AFE1A407828003BB8AD /* Array+Extension.swift in Sources */,
				0EDE483D1A6A662D002CAE64 /* CBPeripheral+Extension.swift in Sources */,
				0EABC3611A53D31900F8A004 /* TableDetail.swift in Sources */,
				0EE565471A2AE656003E9331 /* DeviceDetail.swift in Sources */,
				0EE5654D1A2AE656003E9331 /* GATTUtils.swift in Sources */,
				0EABC3601A53D31900F8A004 /* ListController.swift in Sources */,
				0EABC35F1A53D31900F8A004 /* CollectionList.swift in Sources */,
				0EABC3621A53D31900F8A004 /* TableList.swift in Sources */,
				0E9F5B021A407828003BB8AD /* UIViewController+Extension.swift in Sources */,
				0EE565721A2AE6CD003E9331 /* BEMLine.m in Sources */,
				0EE565441A2AE656003E9331 /* AppDelegate.swift in Sources */,
				0E9F5B041A407828003BB8AD /* RightDetailCell.swift in Sources */,
				0E5D10271A68E3FD00B5CED2 /* AvatarView.swift in Sources */,
				0EABC3661A53D32A00F8A004 /* BaseModel.swift in Sources */,
				0EE565711A2AE6CD003E9331 /* BEMCircle.m in Sources */,
				0EABC35E1A53D31900F8A004 /* BaseController.swift in Sources */,
				0EE2ADEF1A68F5E10084DC24 /* OADHandler.swift in Sources */,
				0EABC3581A53D30600F8A004 /* SocialUtils.swift in Sources */,
				0EE2ADEE1A68F5E10084DC24 /* iDo1OADHandler.swift in Sources */,
				0E7A71BB1A6E4A4C008816C6 /* Product.swift in Sources */,
				0E9F5AFF1A407828003BB8AD /* UIColor+Extension.swift in Sources */,
				0EE565451A2AE656003E9331 /* BLEManager.swift in Sources */,
				0E14DB001A6E6853004FC5CE /* String+Extension.swift in Sources */,
				0EE5654A1A2AE656003E9331 /* Home.swift in Sources */,
				0EE565461A2AE656003E9331 /* Constants.swift in Sources */,
				0EABC36E1A53D34D00F8A004 /* BaseLoader.swift in Sources */,
				0E9C9FAD1A3750BC00BB9DC6 /* NumberView.swift in Sources */,
				0E9F5B051A407828003BB8AD /* SubtitleCell.swift in Sources */,
				0EDE483B1A6A65CC002CAE64 /* DeviceInfo.swift in Sources */,
				0E5D10281A68E3FD00B5CED2 /* TagsView.swift in Sources */,
			);
			runOnlyForDeploymentPostprocessing = 0;
		};
		0E435F231A2AE233007951B1 /* Sources */ = {
			isa = PBXSourcesBuildPhase;
			buildActionMask = 2147483647;
			files = (
				0E435F2E1A2AE233007951B1 /* iDoTests.swift in Sources */,
			);
			runOnlyForDeploymentPostprocessing = 0;
		};
/* End PBXSourcesBuildPhase section */

/* Begin PBXTargetDependency section */
		0E435F291A2AE233007951B1 /* PBXTargetDependency */ = {
			isa = PBXTargetDependency;
			target = 0E435F111A2AE233007951B1 /* iDo */;
			targetProxy = 0E435F281A2AE233007951B1 /* PBXContainerItemProxy */;
		};
/* End PBXTargetDependency section */

/* Begin PBXVariantGroup section */
		0E435F1B1A2AE233007951B1 /* Main.storyboard */ = {
			isa = PBXVariantGroup;
			children = (
				0E435F1C1A2AE233007951B1 /* Base */,
			);
			name = Main.storyboard;
			sourceTree = "<group>";
		};
		0E435F201A2AE233007951B1 /* LaunchScreen.xib */ = {
			isa = PBXVariantGroup;
			children = (
				0E435F211A2AE233007951B1 /* Base */,
			);
			name = LaunchScreen.xib;
			sourceTree = "<group>";
		};
		0ED67E4D1A2AFA3400CA35BE /* Localizable.strings */ = {
			isa = PBXVariantGroup;
			children = (
				0ED67E4C1A2AFA3400CA35BE /* Base */,
				0ED67E8A1A2B0CDA00CA35BE /* zh-Hans */,
			);
			name = Localizable.strings;
			sourceTree = "<group>";
		};
		0ED67E8D1A2B0F5C00CA35BE /* InfoPlist.strings */ = {
			isa = PBXVariantGroup;
			children = (
				0ED67E8E1A2B0F9B00CA35BE /* Base */,
				0ED67E8F1A2B0FBB00CA35BE /* zh-Hans */,
			);
			name = InfoPlist.strings;
			sourceTree = "<group>";
		};
/* End PBXVariantGroup section */

/* Begin XCBuildConfiguration section */
		0E435F2F1A2AE233007951B1 /* Debug */ = {
			isa = XCBuildConfiguration;
			buildSettings = {
				ALWAYS_SEARCH_USER_PATHS = NO;
				CLANG_CXX_LANGUAGE_STANDARD = "gnu++0x";
				CLANG_CXX_LIBRARY = "libc++";
				CLANG_ENABLE_MODULES = YES;
				CLANG_ENABLE_OBJC_ARC = YES;
				CLANG_WARN_BOOL_CONVERSION = YES;
				CLANG_WARN_CONSTANT_CONVERSION = YES;
				CLANG_WARN_DIRECT_OBJC_ISA_USAGE = YES_ERROR;
				CLANG_WARN_EMPTY_BODY = YES;
				CLANG_WARN_ENUM_CONVERSION = YES;
				CLANG_WARN_INT_CONVERSION = YES;
				CLANG_WARN_OBJC_ROOT_CLASS = YES_ERROR;
				CLANG_WARN_UNREACHABLE_CODE = YES;
				CLANG_WARN__DUPLICATE_METHOD_MATCH = YES;
				"CODE_SIGN_IDENTITY[sdk=iphoneos*]" = "iPhone Developer";
				COPY_PHASE_STRIP = NO;
				ENABLE_STRICT_OBJC_MSGSEND = YES;
				GCC_C_LANGUAGE_STANDARD = gnu99;
				GCC_DYNAMIC_NO_PIC = NO;
				GCC_OPTIMIZATION_LEVEL = 0;
				GCC_PREPROCESSOR_DEFINITIONS = (
					"DEBUG=1",
					"$(inherited)",
				);
				GCC_SYMBOLS_PRIVATE_EXTERN = NO;
				GCC_WARN_64_TO_32_BIT_CONVERSION = YES;
				GCC_WARN_ABOUT_RETURN_TYPE = YES_ERROR;
				GCC_WARN_UNDECLARED_SELECTOR = YES;
				GCC_WARN_UNINITIALIZED_AUTOS = YES_AGGRESSIVE;
				GCC_WARN_UNUSED_FUNCTION = YES;
				GCC_WARN_UNUSED_VARIABLE = YES;
				IPHONEOS_DEPLOYMENT_TARGET = 8.1;
				MTL_ENABLE_DEBUG_INFO = YES;
				ONLY_ACTIVE_ARCH = YES;
				SDKROOT = iphoneos;
				SWIFT_OPTIMIZATION_LEVEL = "-Onone";
				TARGETED_DEVICE_FAMILY = "1,2";
			};
			name = Debug;
		};
		0E435F301A2AE233007951B1 /* Release */ = {
			isa = XCBuildConfiguration;
			buildSettings = {
				ALWAYS_SEARCH_USER_PATHS = NO;
				CLANG_CXX_LANGUAGE_STANDARD = "gnu++0x";
				CLANG_CXX_LIBRARY = "libc++";
				CLANG_ENABLE_MODULES = YES;
				CLANG_ENABLE_OBJC_ARC = YES;
				CLANG_WARN_BOOL_CONVERSION = YES;
				CLANG_WARN_CONSTANT_CONVERSION = YES;
				CLANG_WARN_DIRECT_OBJC_ISA_USAGE = YES_ERROR;
				CLANG_WARN_EMPTY_BODY = YES;
				CLANG_WARN_ENUM_CONVERSION = YES;
				CLANG_WARN_INT_CONVERSION = YES;
				CLANG_WARN_OBJC_ROOT_CLASS = YES_ERROR;
				CLANG_WARN_UNREACHABLE_CODE = YES;
				CLANG_WARN__DUPLICATE_METHOD_MATCH = YES;
				"CODE_SIGN_IDENTITY[sdk=iphoneos*]" = "iPhone Developer";
				COPY_PHASE_STRIP = YES;
				ENABLE_NS_ASSERTIONS = NO;
				ENABLE_STRICT_OBJC_MSGSEND = YES;
				GCC_C_LANGUAGE_STANDARD = gnu99;
				GCC_WARN_64_TO_32_BIT_CONVERSION = YES;
				GCC_WARN_ABOUT_RETURN_TYPE = YES_ERROR;
				GCC_WARN_UNDECLARED_SELECTOR = YES;
				GCC_WARN_UNINITIALIZED_AUTOS = YES_AGGRESSIVE;
				GCC_WARN_UNUSED_FUNCTION = YES;
				GCC_WARN_UNUSED_VARIABLE = YES;
				IPHONEOS_DEPLOYMENT_TARGET = 8.1;
				MTL_ENABLE_DEBUG_INFO = NO;
				SDKROOT = iphoneos;
				TARGETED_DEVICE_FAMILY = "1,2";
				VALIDATE_PRODUCT = YES;
			};
			name = Release;
		};
		0E435F321A2AE233007951B1 /* Debug */ = {
			isa = XCBuildConfiguration;
			baseConfigurationReference = 6213B00FD090B4F497212D1C /* Pods.debug.xcconfig */;
			buildSettings = {
				ASSETCATALOG_COMPILER_APPICON_NAME = AppIcon;
				ASSETCATALOG_COMPILER_LAUNCHIMAGE_NAME = LaunchImage;
				CLANG_ENABLE_MODULES = YES;
				CODE_SIGN_IDENTITY = "iPhone Developer";
				"CODE_SIGN_IDENTITY[sdk=iphoneos*]" = "iPhone Developer";
				INFOPLIST_FILE = iDo/Info.plist;
				IPHONEOS_DEPLOYMENT_TARGET = 7.0;
				LD_RUNPATH_SEARCH_PATHS = "$(inherited) @executable_path/Frameworks";
				PRODUCT_NAME = "$(TARGET_NAME)";
				PROVISIONING_PROFILE = "";
				SWIFT_OBJC_BRIDGING_HEADER = "iDo/Classes/iDo-Bridging-Header.h";
				SWIFT_OPTIMIZATION_LEVEL = "-Onone";
			};
			name = Debug;
		};
		0E435F331A2AE233007951B1 /* Release */ = {
			isa = XCBuildConfiguration;
			baseConfigurationReference = 414442C82BFF5CA8541650DD /* Pods.release.xcconfig */;
			buildSettings = {
				ASSETCATALOG_COMPILER_APPICON_NAME = AppIcon;
				ASSETCATALOG_COMPILER_LAUNCHIMAGE_NAME = LaunchImage;
				CLANG_ENABLE_MODULES = YES;
				CODE_SIGN_IDENTITY = "iPhone Developer";
				"CODE_SIGN_IDENTITY[sdk=iphoneos*]" = "iPhone Developer";
				INFOPLIST_FILE = iDo/Info.plist;
				IPHONEOS_DEPLOYMENT_TARGET = 7.0;
				LD_RUNPATH_SEARCH_PATHS = "$(inherited) @executable_path/Frameworks";
				PRODUCT_NAME = "$(TARGET_NAME)";
				PROVISIONING_PROFILE = "";
				SWIFT_OBJC_BRIDGING_HEADER = "iDo/Classes/iDo-Bridging-Header.h";
			};
			name = Release;
		};
		0E435F351A2AE233007951B1 /* Debug */ = {
			isa = XCBuildConfiguration;
			buildSettings = {
				BUNDLE_LOADER = "$(TEST_HOST)";
				FRAMEWORK_SEARCH_PATHS = (
					"$(SDKROOT)/Developer/Library/Frameworks",
					"$(inherited)",
				);
				GCC_PREPROCESSOR_DEFINITIONS = (
					"DEBUG=1",
					"$(inherited)",
				);
				INFOPLIST_FILE = iDoTests/Info.plist;
				LD_RUNPATH_SEARCH_PATHS = "$(inherited) @executable_path/Frameworks @loader_path/Frameworks";
				PRODUCT_NAME = "$(TARGET_NAME)";
				TEST_HOST = "$(BUILT_PRODUCTS_DIR)/iDo.app/iDo";
			};
			name = Debug;
		};
		0E435F361A2AE233007951B1 /* Release */ = {
			isa = XCBuildConfiguration;
			buildSettings = {
				BUNDLE_LOADER = "$(TEST_HOST)";
				FRAMEWORK_SEARCH_PATHS = (
					"$(SDKROOT)/Developer/Library/Frameworks",
					"$(inherited)",
				);
				INFOPLIST_FILE = iDoTests/Info.plist;
				LD_RUNPATH_SEARCH_PATHS = "$(inherited) @executable_path/Frameworks @loader_path/Frameworks";
				PRODUCT_NAME = "$(TARGET_NAME)";
				TEST_HOST = "$(BUILT_PRODUCTS_DIR)/iDo.app/iDo";
			};
			name = Release;
		};
/* End XCBuildConfiguration section */

/* Begin XCConfigurationList section */
		0E435F0D1A2AE233007951B1 /* Build configuration list for PBXProject "iDo" */ = {
			isa = XCConfigurationList;
			buildConfigurations = (
				0E435F2F1A2AE233007951B1 /* Debug */,
				0E435F301A2AE233007951B1 /* Release */,
			);
			defaultConfigurationIsVisible = 0;
			defaultConfigurationName = Release;
		};
		0E435F311A2AE233007951B1 /* Build configuration list for PBXNativeTarget "iDo" */ = {
			isa = XCConfigurationList;
			buildConfigurations = (
				0E435F321A2AE233007951B1 /* Debug */,
				0E435F331A2AE233007951B1 /* Release */,
			);
			defaultConfigurationIsVisible = 0;
			defaultConfigurationName = Release;
		};
		0E435F341A2AE233007951B1 /* Build configuration list for PBXNativeTarget "iDoTests" */ = {
			isa = XCConfigurationList;
			buildConfigurations = (
				0E435F351A2AE233007951B1 /* Debug */,
				0E435F361A2AE233007951B1 /* Release */,
			);
			defaultConfigurationIsVisible = 0;
			defaultConfigurationName = Release;
		};
/* End XCConfigurationList section */
	};
	rootObject = 0E435F0A1A2AE233007951B1 /* Project object */;
}
